
Microsoft Visual Studio Solution File, Format Version 12.00
# Visual Studio 2013
VisualStudioVersion = 12.0.40629.0
MinimumVisualStudioVersion = 10.0.40219.1
Project("{FAE04EC0-301F-11D3-BF4B-00C04F79EFBC}") = "MRTutorial.Membership", "MRTutorial.Membership\MRTutorial.Membership.csproj", "{28073053-0DC9-4DE4-AA07-39F69EE771F7}"
EndProject
Project("{FAE04EC0-301F-11D3-BF4B-00C04F79EFBC}") = "MRTutorial.Membership.Tests", "MRTutorial.Membership.Tests\MRTutorial.Membership.Tests.csproj", "{D7965B3F-3159-4048-B4D8-B1570F6D03E4}"
EndProject
Project("{FAE04EC0-301F-11D3-BF4B-00C04F79EFBC}") = "MRTutorial.IdentityServer", "MRTutorial.IdentityServer\MRTutorial.IdentityServer.csproj", "{79190382-A917-4C14-BB3C-C3940FFA4D5F}"
EndProject
Project("{FAE04EC0-301F-11D3-BF4B-00C04F79EFBC}") = "MRTutorial.IdentityClient", "MRTutorial.IdentityClient\MRTutorial.IdentityClient.csproj", "{9C3FC75F-A440-45C2-8A85-7A49B69A20DA}"
EndProject
Project("{FAE04EC0-301F-11D3-BF4B-00C04F79EFBC}") = "MRTutorial.ProtectedApi", "MRTutorial.ProtectedApi\MRTutorial.ProtectedApi.csproj", "{9885BF95-A24B-40AF-8ADD-5A3818A246B4}"
EndProject
Project("{FAE04EC0-301F-11D3-BF4B-00C04F79EFBC}") = "MRTutorial.Client", "MRTutorial.Client\MRTutorial.Client.csproj", "{79FE3020-8CE8-4ED6-BCB7-B59CD86BCB83}"
EndProject
Project("{2150E333-8FDC-42A3-9474-1A3956D46DE8}") = ".nuget", ".nuget", "{A35E7D6E-1338-4CA3-B84E-2AFFB86DB944}"
	ProjectSection(SolutionItems) = preProject
		.nuget\NuGet.Config = .nuget\NuGet.Config
		.nuget\NuGet.exe = .nuget\NuGet.exe
		.nuget\NuGet.targets = .nuget\NuGet.targets
	EndProjectSection
EndProject
Global
	GlobalSection(SolutionConfigurationPlatforms) = preSolution
		Debug|Any CPU = Debug|Any CPU
		Release|Any CPU = Release|Any CPU
	EndGlobalSection
	GlobalSection(ProjectConfigurationPlatforms) = postSolution
		{28073053-0DC9-4DE4-AA07-39F69EE771F7}.Debug|Any CPU.ActiveCfg = Debug|Any CPU
		{28073053-0DC9-4DE4-AA07-39F69EE771F7}.Debug|Any CPU.Build.0 = Debug|Any CPU
		{28073053-0DC9-4DE4-AA07-39F69EE771F7}.Release|Any CPU.ActiveCfg = Release|Any CPU
		{28073053-0DC9-4DE4-AA07-39F69EE771F7}.Release|Any CPU.Build.0 = Release|Any CPU
		{D7965B3F-3159-4048-B4D8-B1570F6D03E4}.Debug|Any CPU.ActiveCfg = Debug|Any CPU
		{D7965B3F-3159-4048-B4D8-B1570F6D03E4}.Debug|Any CPU.Build.0 = Debug|Any CPU
		{D7965B3F-3159-4048-B4D8-B1570F6D03E4}.Release|Any CPU.ActiveCfg = Release|Any CPU
		{D7965B3F-3159-4048-B4D8-B1570F6D03E4}.Release|Any CPU.Build.0 = Release|Any CPU
		{79190382-A917-4C14-BB3C-C3940FFA4D5F}.Debug|Any CPU.ActiveCfg = Debug|Any CPU
		{79190382-A917-4C14-BB3C-C3940FFA4D5F}.Debug|Any CPU.Build.0 = Debug|Any CPU
		{79190382-A917-4C14-BB3C-C3940FFA4D5F}.Release|Any CPU.ActiveCfg = Release|Any CPU
		{79190382-A917-4C14-BB3C-C3940FFA4D5F}.Release|Any CPU.Build.0 = Release|Any CPU
		{9C3FC75F-A440-45C2-8A85-7A49B69A20DA}.Debug|Any CPU.ActiveCfg = Debug|Any CPU
		{9C3FC75F-A440-45C2-8A85-7A49B69A20DA}.Debug|Any CPU.Build.0 = Debug|Any CPU
		{9C3FC75F-A440-45C2-8A85-7A49B69A20DA}.Release|Any CPU.ActiveCfg = Release|Any CPU
		{9C3FC75F-A440-45C2-8A85-7A49B69A20DA}.Release|Any CPU.Build.0 = Release|Any CPU
		{9885BF95-A24B-40AF-8ADD-5A3818A246B4}.Debug|Any CPU.ActiveCfg = Debug|Any CPU
		{9885BF95-A24B-40AF-8ADD-5A3818A246B4}.Debug|Any CPU.Build.0 = Debug|Any CPU
		{9885BF95-A24B-40AF-8ADD-5A3818A246B4}.Release|Any CPU.ActiveCfg = Release|Any CPU
		{9885BF95-A24B-40AF-8ADD-5A3818A246B4}.Release|Any CPU.Build.0 = Release|Any CPU
		{79FE3020-8CE8-4ED6-BCB7-B59CD86BCB83}.Debug|Any CPU.ActiveCfg = Debug|Any CPU
		{79FE3020-8CE8-4ED6-BCB7-B59CD86BCB83}.Debug|Any CPU.Build.0 = Debug|Any CPU
		{79FE3020-8CE8-4ED6-BCB7-B59CD86BCB83}.Release|Any CPU.ActiveCfg = Release|Any CPU
		{79FE3020-8CE8-4ED6-BCB7-B59CD86BCB83}.Release|Any CPU.Build.0 = Release|Any CPU
	EndGlobalSection
	GlobalSection(SolutionProperties) = preSolution
		HideSolutionNode = FALSE
	EndGlobalSection
EndGlobal
